
Microsoft Visual Studio Solution File, Format Version 12.00
# Visual Studio Version 16
VisualStudioVersion = 16.0.30717.126
MinimumVisualStudioVersion = 10.0.40219.1
Project("{FAE04EC0-301F-11D3-BF4B-00C04F79EFBC}") = "C_Sharp_HW_Inheritance", "C_Sharp_HW_Inheritance.csproj", "{660F301E-A0B5-4E12-BB8F-2CA88AB63981}"
EndProject
Global
	GlobalSection(SolutionConfigurationPlatforms) = preSolution
		Debug|Any CPU = Debug|Any CPU
		Release|Any CPU = Release|Any CPU
	EndGlobalSection
	GlobalSection(ProjectConfigurationPlatforms) = postSolution
		{660F301E-A0B5-4E12-BB8F-2CA88AB63981}.Debug|Any CPU.ActiveCfg = Debug|Any CPU
		{660F301E-A0B5-4E12-BB8F-2CA88AB63981}.Debug|Any CPU.Build.0 = Debug|Any CPU
		{660F301E-A0B5-4E12-BB8F-2CA88AB63981}.Release|Any CPU.ActiveCfg = Release|Any CPU
		{660F301E-A0B5-4E12-BB8F-2CA88AB63981}.Release|Any CPU.Build.0 = Release|Any CPU
	EndGlobalSection
	GlobalSection(SolutionProperties) = preSolution
		HideSolutionNode = FALSE
	EndGlobalSection
	GlobalSection(ExtensibilityGlobals) = postSolution
		SolutionGuid = {4CC033B8-1617-4A07-8094-0C9AEF843502}
	EndGlobalSection
EndGlobal
